
Microsoft Visual Studio Solution File, Format Version 12.00
# Visual Studio Version 17
VisualStudioVersion = 17.6.33815.320
MinimumVisualStudioVersion = 10.0.40219.1
Project("{2150E333-8FDC-42A3-9474-1A3956D46DE8}") = "Documentation", "Documentation", "{CD8C5C79-E13E-4A69-8778-F2EAC0D06569}"
	ProjectSection(SolutionItems) = preProject
		README.md = README.md
	EndProjectSection
EndProject
Project("{2150E333-8FDC-42A3-9474-1A3956D46DE8}") = "Tools", "Tools", "{1F86503A-7218-4009-975A-E6FE2ECDB9AA}"
EndProject
Project("{9A19103F-16F7-4668-BE54-9A1E7A4F7556}") = "Herstamac.Test", "Herstamac.Test\Herstamac.Test.csproj", "{B6885234-DED7-44A7-AEEC-9341AE99B94A}"
EndProject
Project("{9A19103F-16F7-4668-BE54-9A1E7A4F7556}") = "Herstamac", "Herstamac\Herstamac.csproj", "{7B570C23-9D4F-407E-9C78-3743A16F2C9C}"
EndProject
Global
	GlobalSection(SolutionConfigurationPlatforms) = preSolution
		Debug|Any CPU = Debug|Any CPU
		Release|Any CPU = Release|Any CPU
	EndGlobalSection
	GlobalSection(ProjectConfigurationPlatforms) = postSolution
		{B6885234-DED7-44A7-AEEC-9341AE99B94A}.Debug|Any CPU.ActiveCfg = Debug|Any CPU
		{B6885234-DED7-44A7-AEEC-9341AE99B94A}.Debug|Any CPU.Build.0 = Debug|Any CPU
		{B6885234-DED7-44A7-AEEC-9341AE99B94A}.Release|Any CPU.ActiveCfg = Release|Any CPU
		{B6885234-DED7-44A7-AEEC-9341AE99B94A}.Release|Any CPU.Build.0 = Release|Any CPU
		{7B570C23-9D4F-407E-9C78-3743A16F2C9C}.Debug|Any CPU.ActiveCfg = Debug|Any CPU
		{7B570C23-9D4F-407E-9C78-3743A16F2C9C}.Debug|Any CPU.Build.0 = Debug|Any CPU
		{7B570C23-9D4F-407E-9C78-3743A16F2C9C}.Release|Any CPU.ActiveCfg = Release|Any CPU
		{7B570C23-9D4F-407E-9C78-3743A16F2C9C}.Release|Any CPU.Build.0 = Release|Any CPU
	EndGlobalSection
	GlobalSection(SolutionProperties) = preSolution
		HideSolutionNode = FALSE
	EndGlobalSection
	GlobalSection(ExtensibilityGlobals) = postSolution
		SolutionGuid = {4F8943F3-961E-47E2-9165-18B5A9F770D7}
	EndGlobalSection
EndGlobal
